
Microsoft Visual Studio Solution File, Format Version 12.00
# Visual Studio Version 16
VisualStudioVersion = 16.0.32428.217
MinimumVisualStudioVersion = 10.0.40219.1
Project("{E24C65DC-7377-472B-9ABA-BC803B73C61A}") = "corte1Sensores", ".", "{30E61534-195D-4AA2-A04C-4695CCD557EC}"
	ProjectSection(WebsiteProperties) = preProject
		TargetFrameworkMoniker = ".NETFramework,Version%3Dv4.8"
		Debug.AspNetCompiler.VirtualPath = "/localhost_53671"
		Debug.AspNetCompiler.PhysicalPath = "..\corte1Sensores\"
		Debug.AspNetCompiler.TargetPath = "PrecompiledWeb\localhost_53671\"
		Debug.AspNetCompiler.Updateable = "true"
		Debug.AspNetCompiler.ForceOverwrite = "true"
		Debug.AspNetCompiler.FixedNames = "false"
		Debug.AspNetCompiler.Debug = "True"
		Release.AspNetCompiler.VirtualPath = "/localhost_53671"
		Release.AspNetCompiler.PhysicalPath = "..\corte1Sensores\"
		Release.AspNetCompiler.TargetPath = "PrecompiledWeb\localhost_53671\"
		Release.AspNetCompiler.Updateable = "true"
		Release.AspNetCompiler.ForceOverwrite = "true"
		Release.AspNetCompiler.FixedNames = "false"
		Release.AspNetCompiler.Debug = "False"
		VWDPort = "53671"
		SlnRelativePath = "..\corte1Sensores\"
		DefaultWebSiteLanguage = "Visual C#"
	EndProjectSection
EndProject
Global
	GlobalSection(SolutionConfigurationPlatforms) = preSolution
		Debug|Any CPU = Debug|Any CPU
	EndGlobalSection
	GlobalSection(ProjectConfigurationPlatforms) = postSolution
		{30E61534-195D-4AA2-A04C-4695CCD557EC}.Debug|Any CPU.ActiveCfg = Debug|Any CPU
		{30E61534-195D-4AA2-A04C-4695CCD557EC}.Debug|Any CPU.Build.0 = Debug|Any CPU
	EndGlobalSection
	GlobalSection(SolutionProperties) = preSolution
		HideSolutionNode = FALSE
	EndGlobalSection
	GlobalSection(ExtensibilityGlobals) = postSolution
		SolutionGuid = {0979379E-BCE9-4FEC-9C9C-96557F6C5438}
	EndGlobalSection
EndGlobal
